
Microsoft Visual Studio Solution File, Format Version 12.00
# Visual Studio Version 17
VisualStudioVersion = 17.4.33122.133
MinimumVisualStudioVersion = 10.0.40219.1
Project("{9A19103F-16F7-4668-BE54-9A1E7A4F7556}") = "BingoRoomApi", "BingoRoomApi\BingoRoomApi.csproj", "{F4A104AC-8D05-4580-8B00-82CA3FB73FF7}"
EndProject
Project("{9A19103F-16F7-4668-BE54-9A1E7A4F7556}") = "BingoRoomApi.Tests", "BingoRoomApi.Tests\BingoRoomApi.Tests.csproj", "{4D4EC5BC-64D9-495B-B884-8B8EE14DC474}"
EndProject
Project("{E53339B2-1760-4266-BCC7-CA923CBCF16C}") = "docker-compose", "docker-compose.dcproj", "{6E86F430-134A-41F6-ABCD-347287314DF2}"
EndProject
Global
	GlobalSection(SolutionConfigurationPlatforms) = preSolution
		Debug|Any CPU = Debug|Any CPU
		Release|Any CPU = Release|Any CPU
	EndGlobalSection
	GlobalSection(ProjectConfigurationPlatforms) = postSolution
		{F4A104AC-8D05-4580-8B00-82CA3FB73FF7}.Debug|Any CPU.ActiveCfg = Debug|Any CPU
		{F4A104AC-8D05-4580-8B00-82CA3FB73FF7}.Debug|Any CPU.Build.0 = Debug|Any CPU
		{F4A104AC-8D05-4580-8B00-82CA3FB73FF7}.Release|Any CPU.ActiveCfg = Release|Any CPU
		{F4A104AC-8D05-4580-8B00-82CA3FB73FF7}.Release|Any CPU.Build.0 = Release|Any CPU
		{4D4EC5BC-64D9-495B-B884-8B8EE14DC474}.Debug|Any CPU.ActiveCfg = Debug|Any CPU
		{4D4EC5BC-64D9-495B-B884-8B8EE14DC474}.Debug|Any CPU.Build.0 = Debug|Any CPU
		{4D4EC5BC-64D9-495B-B884-8B8EE14DC474}.Release|Any CPU.ActiveCfg = Release|Any CPU
		{4D4EC5BC-64D9-495B-B884-8B8EE14DC474}.Release|Any CPU.Build.0 = Release|Any CPU
		{6E86F430-134A-41F6-ABCD-347287314DF2}.Debug|Any CPU.ActiveCfg = Debug|Any CPU
		{6E86F430-134A-41F6-ABCD-347287314DF2}.Debug|Any CPU.Build.0 = Debug|Any CPU
		{6E86F430-134A-41F6-ABCD-347287314DF2}.Release|Any CPU.ActiveCfg = Release|Any CPU
		{6E86F430-134A-41F6-ABCD-347287314DF2}.Release|Any CPU.Build.0 = Release|Any CPU
	EndGlobalSection
	GlobalSection(SolutionProperties) = preSolution
		HideSolutionNode = FALSE
	EndGlobalSection
	GlobalSection(ExtensibilityGlobals) = postSolution
		SolutionGuid = {3065B503-4722-461D-95BD-10E91CACFDF4}
	EndGlobalSection
EndGlobal
