
Microsoft Visual Studio Solution File, Format Version 12.00
# Visual Studio Version 17
VisualStudioVersion = 17.4.33122.133
MinimumVisualStudioVersion = 10.0.40219.1
Project("{9A19103F-16F7-4668-BE54-9A1E7A4F7556}") = "BingoRoomApi", "BingoRoomApi.csproj", "{14CBD579-7ED2-4DC3-94BD-C9F3C8CB4FCC}"
EndProject
Project("{E53339B2-1760-4266-BCC7-CA923CBCF16C}") = "docker-compose", "docker-compose.dcproj", "{772E17B7-C57E-45E7-A1EF-D6213A03C25E}"
EndProject
Project("{FAE04EC0-301F-11D3-BF4B-00C04F79EFBC}") = "BingoRoomApi.Tests", "..\BingoRoomApi.Tests\BingoRoomApi.Tests.csproj", "{C19B2996-D4C4-4A29-9542-06233E0334BF}"
EndProject
Global
	GlobalSection(SolutionConfigurationPlatforms) = preSolution
		Debug|Any CPU = Debug|Any CPU
		Release|Any CPU = Release|Any CPU
	EndGlobalSection
	GlobalSection(ProjectConfigurationPlatforms) = postSolution
		{14CBD579-7ED2-4DC3-94BD-C9F3C8CB4FCC}.Debug|Any CPU.ActiveCfg = Debug|Any CPU
		{14CBD579-7ED2-4DC3-94BD-C9F3C8CB4FCC}.Debug|Any CPU.Build.0 = Debug|Any CPU
		{14CBD579-7ED2-4DC3-94BD-C9F3C8CB4FCC}.Release|Any CPU.ActiveCfg = Release|Any CPU
		{14CBD579-7ED2-4DC3-94BD-C9F3C8CB4FCC}.Release|Any CPU.Build.0 = Release|Any CPU
		{772E17B7-C57E-45E7-A1EF-D6213A03C25E}.Debug|Any CPU.ActiveCfg = Debug|Any CPU
		{772E17B7-C57E-45E7-A1EF-D6213A03C25E}.Debug|Any CPU.Build.0 = Debug|Any CPU
		{772E17B7-C57E-45E7-A1EF-D6213A03C25E}.Release|Any CPU.ActiveCfg = Release|Any CPU
		{772E17B7-C57E-45E7-A1EF-D6213A03C25E}.Release|Any CPU.Build.0 = Release|Any CPU
		{C19B2996-D4C4-4A29-9542-06233E0334BF}.Debug|Any CPU.ActiveCfg = Debug|Any CPU
		{C19B2996-D4C4-4A29-9542-06233E0334BF}.Debug|Any CPU.Build.0 = Debug|Any CPU
		{C19B2996-D4C4-4A29-9542-06233E0334BF}.Release|Any CPU.ActiveCfg = Release|Any CPU
		{C19B2996-D4C4-4A29-9542-06233E0334BF}.Release|Any CPU.Build.0 = Release|Any CPU
	EndGlobalSection
	GlobalSection(SolutionProperties) = preSolution
		HideSolutionNode = FALSE
	EndGlobalSection
	GlobalSection(ExtensibilityGlobals) = postSolution
		SolutionGuid = {44B65A59-EF17-42D2-A746-BE1CCD52E14F}
	EndGlobalSection
EndGlobal
